{
  "name": "translate",
  "version": "1.0.0",
  "lockfileVersion": 3,
  "requires": true,
  "packages": {
    "": {
      "name": "translate",
      "version": "1.0.0",
      "workspaces": [
        "packages/*"
      ]
    },
    "node_modules/@let-value/translate": {
      "resolved": "packages/translate",
      "link": true
    },
    "node_modules/@let-value/translate-extract": {
      "resolved": "packages/extract",
      "link": true
    },
    "packages/extract": {
      "name": "@let-value/translate-extract",
      "version": "1.0.0"
    },
    "packages/translate": {
      "name": "@let-value/translate",
      "version": "1.0.0"
    }
  }
}
